
Microsoft Visual Studio Solution File, Format Version 12.00
# Visual Studio 15
VisualStudioVersion = 15.0.27130.2024
MinimumVisualStudioVersion = 10.0.40219.1
Project("{FAE04EC0-301F-11D3-BF4B-00C04F79EFBC}") = "BLL", "BLL\BLL.csproj", "{779C6763-B9BD-4713-A4E1-4BDEF0ECA2B6}"
EndProject
Project("{FAE04EC0-301F-11D3-BF4B-00C04F79EFBC}") = "DAL", "DAL\DAL.csproj", "{44910365-60F9-4248-A408-FC692BA439F8}"
EndProject
Project("{FAE04EC0-301F-11D3-BF4B-00C04F79EFBC}") = "DTO", "DTO\DTO.csproj", "{657125B8-98A8-4A9A-909E-162382FD48ED}"
EndProject
Project("{FAE04EC0-301F-11D3-BF4B-00C04F79EFBC}") = "View", "View\View.csproj", "{3962F10A-A0DE-449D-BB14-239C0C1D0F54}"
EndProject
Global
	GlobalSection(SolutionConfigurationPlatforms) = preSolution
		Debug|Any CPU = Debug|Any CPU
		Release|Any CPU = Release|Any CPU
	EndGlobalSection
	GlobalSection(ProjectConfigurationPlatforms) = postSolution
		{779C6763-B9BD-4713-A4E1-4BDEF0ECA2B6}.Debug|Any CPU.ActiveCfg = Debug|Any CPU
		{779C6763-B9BD-4713-A4E1-4BDEF0ECA2B6}.Debug|Any CPU.Build.0 = Debug|Any CPU
		{779C6763-B9BD-4713-A4E1-4BDEF0ECA2B6}.Release|Any CPU.ActiveCfg = Release|Any CPU
		{779C6763-B9BD-4713-A4E1-4BDEF0ECA2B6}.Release|Any CPU.Build.0 = Release|Any CPU
		{44910365-60F9-4248-A408-FC692BA439F8}.Debug|Any CPU.ActiveCfg = Debug|Any CPU
		{44910365-60F9-4248-A408-FC692BA439F8}.Debug|Any CPU.Build.0 = Debug|Any CPU
		{44910365-60F9-4248-A408-FC692BA439F8}.Release|Any CPU.ActiveCfg = Release|Any CPU
		{44910365-60F9-4248-A408-FC692BA439F8}.Release|Any CPU.Build.0 = Release|Any CPU
		{657125B8-98A8-4A9A-909E-162382FD48ED}.Debug|Any CPU.ActiveCfg = Debug|Any CPU
		{657125B8-98A8-4A9A-909E-162382FD48ED}.Debug|Any CPU.Build.0 = Debug|Any CPU
		{657125B8-98A8-4A9A-909E-162382FD48ED}.Release|Any CPU.ActiveCfg = Release|Any CPU
		{657125B8-98A8-4A9A-909E-162382FD48ED}.Release|Any CPU.Build.0 = Release|Any CPU
		{3962F10A-A0DE-449D-BB14-239C0C1D0F54}.Debug|Any CPU.ActiveCfg = Debug|Any CPU
		{3962F10A-A0DE-449D-BB14-239C0C1D0F54}.Debug|Any CPU.Build.0 = Debug|Any CPU
		{3962F10A-A0DE-449D-BB14-239C0C1D0F54}.Release|Any CPU.ActiveCfg = Release|Any CPU
		{3962F10A-A0DE-449D-BB14-239C0C1D0F54}.Release|Any CPU.Build.0 = Release|Any CPU
	EndGlobalSection
	GlobalSection(SolutionProperties) = preSolution
		HideSolutionNode = FALSE
	EndGlobalSection
	GlobalSection(ExtensibilityGlobals) = postSolution
		SolutionGuid = {8B0F29FC-070D-4A2A-BE3B-DEB1F882608A}
	EndGlobalSection
EndGlobal
